
Microsoft Visual Studio Solution File, Format Version 12.00
# Visual Studio Version 16
VisualStudioVersion = 16.0.28809.33
MinimumVisualStudioVersion = 10.0.40219.1
Project("{FAE04EC0-301F-11D3-BF4B-00C04F79EFBC}") = "AgentRegistry.Core", "AgentRegistry.Core\AgentRegistry.Core.csproj", "{0F847AF0-7C54-400A-B8A0-867323165769}"
EndProject
Project("{FAE04EC0-301F-11D3-BF4B-00C04F79EFBC}") = "AgentRegistry.Infrastructure", "AgentRegistry.Infrastructure\AgentRegistry.Infrastructure.csproj", "{58F17856-AB4B-491B-BED7-EBF6F6C341ED}"
EndProject
Project("{FAE04EC0-301F-11D3-BF4B-00C04F79EFBC}") = "AgentRegistry.DataAccess", "AgentRegistry.DataAccess\AgentRegistry.DataAccess.csproj", "{39219DE2-4FFD-42BD-9D48-5DB05AFC4075}"
EndProject
Project("{FAE04EC0-301F-11D3-BF4B-00C04F79EFBC}") = "AgentRegistry.Server", "AgentRegistry.Server\AgentRegistry.Server.csproj", "{197015AC-CAA2-41F4-8372-5D6BFCC58346}"
EndProject
Project("{FAE04EC0-301F-11D3-BF4B-00C04F79EFBC}") = "AgentRegistry.ApplicationLogic", "AgentRegistry.ApplicationLogic\AgentRegistry.ApplicationLogic.csproj", "{3A0E6DAB-658C-4CAB-9689-0406A278339F}"
EndProject
Global
	GlobalSection(SolutionConfigurationPlatforms) = preSolution
		Debug|Any CPU = Debug|Any CPU
		Release|Any CPU = Release|Any CPU
	EndGlobalSection
	GlobalSection(ProjectConfigurationPlatforms) = postSolution
		{0F847AF0-7C54-400A-B8A0-867323165769}.Debug|Any CPU.ActiveCfg = Debug|Any CPU
		{0F847AF0-7C54-400A-B8A0-867323165769}.Debug|Any CPU.Build.0 = Debug|Any CPU
		{0F847AF0-7C54-400A-B8A0-867323165769}.Release|Any CPU.ActiveCfg = Release|Any CPU
		{0F847AF0-7C54-400A-B8A0-867323165769}.Release|Any CPU.Build.0 = Release|Any CPU
		{58F17856-AB4B-491B-BED7-EBF6F6C341ED}.Debug|Any CPU.ActiveCfg = Debug|Any CPU
		{58F17856-AB4B-491B-BED7-EBF6F6C341ED}.Debug|Any CPU.Build.0 = Debug|Any CPU
		{58F17856-AB4B-491B-BED7-EBF6F6C341ED}.Release|Any CPU.ActiveCfg = Release|Any CPU
		{58F17856-AB4B-491B-BED7-EBF6F6C341ED}.Release|Any CPU.Build.0 = Release|Any CPU
		{39219DE2-4FFD-42BD-9D48-5DB05AFC4075}.Debug|Any CPU.ActiveCfg = Debug|Any CPU
		{39219DE2-4FFD-42BD-9D48-5DB05AFC4075}.Debug|Any CPU.Build.0 = Debug|Any CPU
		{39219DE2-4FFD-42BD-9D48-5DB05AFC4075}.Release|Any CPU.ActiveCfg = Release|Any CPU
		{39219DE2-4FFD-42BD-9D48-5DB05AFC4075}.Release|Any CPU.Build.0 = Release|Any CPU
		{197015AC-CAA2-41F4-8372-5D6BFCC58346}.Debug|Any CPU.ActiveCfg = Debug|Any CPU
		{197015AC-CAA2-41F4-8372-5D6BFCC58346}.Debug|Any CPU.Build.0 = Debug|Any CPU
		{197015AC-CAA2-41F4-8372-5D6BFCC58346}.Release|Any CPU.ActiveCfg = Release|Any CPU
		{197015AC-CAA2-41F4-8372-5D6BFCC58346}.Release|Any CPU.Build.0 = Release|Any CPU
		{3A0E6DAB-658C-4CAB-9689-0406A278339F}.Debug|Any CPU.ActiveCfg = Debug|Any CPU
		{3A0E6DAB-658C-4CAB-9689-0406A278339F}.Debug|Any CPU.Build.0 = Debug|Any CPU
		{3A0E6DAB-658C-4CAB-9689-0406A278339F}.Release|Any CPU.ActiveCfg = Release|Any CPU
		{3A0E6DAB-658C-4CAB-9689-0406A278339F}.Release|Any CPU.Build.0 = Release|Any CPU
	EndGlobalSection
	GlobalSection(SolutionProperties) = preSolution
		HideSolutionNode = FALSE
	EndGlobalSection
	GlobalSection(ExtensibilityGlobals) = postSolution
		SolutionGuid = {F9B416A2-EEE4-4840-A9BD-194DDFA857A3}
	EndGlobalSection
EndGlobal
